
Microsoft Visual Studio Solution File, Format Version 12.00
# Visual Studio Version 17
VisualStudioVersion = 17.3.32825.248
MinimumVisualStudioVersion = 10.0.40219.1
Project("{9A19103F-16F7-4668-BE54-9A1E7A4F7556}") = "AdvancedClockApp", "AdvancedClockApp\AdvancedClockApp.csproj", "{8DBE8CF2-C70C-4BD4-AC09-9765F0DD9040}"
EndProject
Global
	GlobalSection(SolutionConfigurationPlatforms) = preSolution
		Debug|Any CPU = Debug|Any CPU
		Release|Any CPU = Release|Any CPU
	EndGlobalSection
	GlobalSection(ProjectConfigurationPlatforms) = postSolution
		{8DBE8CF2-C70C-4BD4-AC09-9765F0DD9040}.Debug|Any CPU.ActiveCfg = Debug|Any CPU
		{8DBE8CF2-C70C-4BD4-AC09-9765F0DD9040}.Debug|Any CPU.Build.0 = Debug|Any CPU
		{8DBE8CF2-C70C-4BD4-AC09-9765F0DD9040}.Release|Any CPU.ActiveCfg = Release|Any CPU
		{8DBE8CF2-C70C-4BD4-AC09-9765F0DD9040}.Release|Any CPU.Build.0 = Release|Any CPU
	EndGlobalSection
	GlobalSection(SolutionProperties) = preSolution
		HideSolutionNode = FALSE
	EndGlobalSection
	GlobalSection(ExtensibilityGlobals) = postSolution
		SolutionGuid = {CAB1B325-D07B-427A-94F6-A66D23BEB4E3}
	EndGlobalSection
EndGlobal
